
Microsoft Visual Studio Solution File, Format Version 12.00
# Visual Studio Version 17
VisualStudioVersion = 17.14.36310.24 d17.14
MinimumVisualStudioVersion = 10.0.40219.1
Project("{FAE04EC0-301F-11D3-BF4B-00C04F79EFBC}") = "ProdClient_API", "ProdClient_API\ProdClient_API.csproj", "{19DBB28E-C1C8-4B5D-AAAB-B61E46455522}"
EndProject
Project("{FAE04EC0-301F-11D3-BF4B-00C04F79EFBC}") = "ProdClient.Communication", "ProdClient.Communication\ProdClient.Communication.csproj", "{7C33152D-D037-48EE-B9B6-B847B036ADAB}"
EndProject
Project("{FAE04EC0-301F-11D3-BF4B-00C04F79EFBC}") = "ProdClient.Exceptions", "ProdClient.Exceptions\ProdClient.Exceptions.csproj", "{9A5DF40F-E8A9-4303-AF28-A7C3DE18B49B}"
EndProject
Global
	GlobalSection(SolutionConfigurationPlatforms) = preSolution
		Debug|Any CPU = Debug|Any CPU
		Release|Any CPU = Release|Any CPU
	EndGlobalSection
	GlobalSection(ProjectConfigurationPlatforms) = postSolution
		{19DBB28E-C1C8-4B5D-AAAB-B61E46455522}.Debug|Any CPU.ActiveCfg = Debug|Any CPU
		{19DBB28E-C1C8-4B5D-AAAB-B61E46455522}.Debug|Any CPU.Build.0 = Debug|Any CPU
		{19DBB28E-C1C8-4B5D-AAAB-B61E46455522}.Release|Any CPU.ActiveCfg = Release|Any CPU
		{19DBB28E-C1C8-4B5D-AAAB-B61E46455522}.Release|Any CPU.Build.0 = Release|Any CPU
		{7C33152D-D037-48EE-B9B6-B847B036ADAB}.Debug|Any CPU.ActiveCfg = Debug|Any CPU
		{7C33152D-D037-48EE-B9B6-B847B036ADAB}.Debug|Any CPU.Build.0 = Debug|Any CPU
		{7C33152D-D037-48EE-B9B6-B847B036ADAB}.Release|Any CPU.ActiveCfg = Release|Any CPU
		{7C33152D-D037-48EE-B9B6-B847B036ADAB}.Release|Any CPU.Build.0 = Release|Any CPU
		{9A5DF40F-E8A9-4303-AF28-A7C3DE18B49B}.Debug|Any CPU.ActiveCfg = Debug|Any CPU
		{9A5DF40F-E8A9-4303-AF28-A7C3DE18B49B}.Debug|Any CPU.Build.0 = Debug|Any CPU
		{9A5DF40F-E8A9-4303-AF28-A7C3DE18B49B}.Release|Any CPU.ActiveCfg = Release|Any CPU
		{9A5DF40F-E8A9-4303-AF28-A7C3DE18B49B}.Release|Any CPU.Build.0 = Release|Any CPU
	EndGlobalSection
	GlobalSection(SolutionProperties) = preSolution
		HideSolutionNode = FALSE
	EndGlobalSection
	GlobalSection(ExtensibilityGlobals) = postSolution
		SolutionGuid = {4E3B0474-940D-4F77-BDD5-4B410798F9E7}
	EndGlobalSection
EndGlobal
